
Microsoft Visual Studio Solution File, Format Version 12.00
# Visual Studio Version 17
VisualStudioVersion = 17.14.36327.8 d17.14
MinimumVisualStudioVersion = 10.0.40219.1
Project("{FAE04EC0-301F-11D3-BF4B-00C04F79EFBC}") = "ExpenseManagement", "ExpenseManagement\ExpenseManagement.csproj", "{34ABAD54-68AC-4A67-8359-59D003DDBB1C}"
EndProject
Global
	GlobalSection(SolutionConfigurationPlatforms) = preSolution
		Debug|Any CPU = Debug|Any CPU
		Release|Any CPU = Release|Any CPU
	EndGlobalSection
	GlobalSection(ProjectConfigurationPlatforms) = postSolution
		{34ABAD54-68AC-4A67-8359-59D003DDBB1C}.Debug|Any CPU.ActiveCfg = Debug|Any CPU
		{34ABAD54-68AC-4A67-8359-59D003DDBB1C}.Debug|Any CPU.Build.0 = Debug|Any CPU
		{34ABAD54-68AC-4A67-8359-59D003DDBB1C}.Release|Any CPU.ActiveCfg = Release|Any CPU
		{34ABAD54-68AC-4A67-8359-59D003DDBB1C}.Release|Any CPU.Build.0 = Release|Any CPU
	EndGlobalSection
	GlobalSection(SolutionProperties) = preSolution
		HideSolutionNode = FALSE
	EndGlobalSection
	GlobalSection(ExtensibilityGlobals) = postSolution
		SolutionGuid = {D45D2138-CC20-4BC0-9ADD-778B669CB59B}
	EndGlobalSection
EndGlobal
